
Microsoft Visual Studio Solution File, Format Version 12.00
# Visual Studio Version 17
VisualStudioVersion = 17.8.34316.72
MinimumVisualStudioVersion = 10.0.40219.1
Project("{FAE04EC0-301F-11D3-BF4B-00C04F79EFBC}") = "AoC2024", "AoC2024.csproj", "{D2CCC913-0326-4F39-8093-1BD460192E17}"
EndProject
Global
	GlobalSection(SolutionConfigurationPlatforms) = preSolution
		Debug|Any CPU = Debug|Any CPU
		Release|Any CPU = Release|Any CPU
	EndGlobalSection
	GlobalSection(ProjectConfigurationPlatforms) = postSolution
		{D2CCC913-0326-4F39-8093-1BD460192E17}.Debug|Any CPU.ActiveCfg = Debug|Any CPU
		{D2CCC913-0326-4F39-8093-1BD460192E17}.Debug|Any CPU.Build.0 = Debug|Any CPU
		{D2CCC913-0326-4F39-8093-1BD460192E17}.Release|Any CPU.ActiveCfg = Release|Any CPU
		{D2CCC913-0326-4F39-8093-1BD460192E17}.Release|Any CPU.Build.0 = Release|Any CPU
	EndGlobalSection
	GlobalSection(SolutionProperties) = preSolution
		HideSolutionNode = FALSE
	EndGlobalSection
	GlobalSection(ExtensibilityGlobals) = postSolution
		SolutionGuid = {61009EC4-17DE-420D-8462-BB9EAD109083}
	EndGlobalSection
EndGlobal
